
Microsoft Visual Studio Solution File, Format Version 12.00
# Visual Studio Version 16
VisualStudioVersion = 16.0.31624.102
MinimumVisualStudioVersion = 10.0.40219.1
Project("{9A19103F-16F7-4668-BE54-9A1E7A4F7556}") = "Football", "Football\Football.csproj", "{4D501995-6A94-4FEE-B140-5C7D62D31B1B}"
EndProject
Project("{9A19103F-16F7-4668-BE54-9A1E7A4F7556}") = "Repository", "Repository\Repository.csproj", "{2CFA4B61-C2F4-4E49-9073-9959AF4D21A6}"
EndProject
Project("{9A19103F-16F7-4668-BE54-9A1E7A4F7556}") = "Service", "Service\Service.csproj", "{54D88C0E-1DF2-4A49-B4FE-6A559F93453F}"
EndProject
Project("{9A19103F-16F7-4668-BE54-9A1E7A4F7556}") = "Shared", "Shared\Shared.csproj", "{3046659B-7850-45B3-91B4-88E4D359D646}"
EndProject
Global
	GlobalSection(SolutionConfigurationPlatforms) = preSolution
		Debug|Any CPU = Debug|Any CPU
		Release|Any CPU = Release|Any CPU
	EndGlobalSection
	GlobalSection(ProjectConfigurationPlatforms) = postSolution
		{4D501995-6A94-4FEE-B140-5C7D62D31B1B}.Debug|Any CPU.ActiveCfg = Debug|Any CPU
		{4D501995-6A94-4FEE-B140-5C7D62D31B1B}.Debug|Any CPU.Build.0 = Debug|Any CPU
		{4D501995-6A94-4FEE-B140-5C7D62D31B1B}.Release|Any CPU.ActiveCfg = Release|Any CPU
		{4D501995-6A94-4FEE-B140-5C7D62D31B1B}.Release|Any CPU.Build.0 = Release|Any CPU
		{2CFA4B61-C2F4-4E49-9073-9959AF4D21A6}.Debug|Any CPU.ActiveCfg = Debug|Any CPU
		{2CFA4B61-C2F4-4E49-9073-9959AF4D21A6}.Debug|Any CPU.Build.0 = Debug|Any CPU
		{2CFA4B61-C2F4-4E49-9073-9959AF4D21A6}.Release|Any CPU.ActiveCfg = Release|Any CPU
		{2CFA4B61-C2F4-4E49-9073-9959AF4D21A6}.Release|Any CPU.Build.0 = Release|Any CPU
		{54D88C0E-1DF2-4A49-B4FE-6A559F93453F}.Debug|Any CPU.ActiveCfg = Debug|Any CPU
		{54D88C0E-1DF2-4A49-B4FE-6A559F93453F}.Debug|Any CPU.Build.0 = Debug|Any CPU
		{54D88C0E-1DF2-4A49-B4FE-6A559F93453F}.Release|Any CPU.ActiveCfg = Release|Any CPU
		{54D88C0E-1DF2-4A49-B4FE-6A559F93453F}.Release|Any CPU.Build.0 = Release|Any CPU
		{3046659B-7850-45B3-91B4-88E4D359D646}.Debug|Any CPU.ActiveCfg = Debug|Any CPU
		{3046659B-7850-45B3-91B4-88E4D359D646}.Debug|Any CPU.Build.0 = Debug|Any CPU
		{3046659B-7850-45B3-91B4-88E4D359D646}.Release|Any CPU.ActiveCfg = Release|Any CPU
		{3046659B-7850-45B3-91B4-88E4D359D646}.Release|Any CPU.Build.0 = Release|Any CPU
	EndGlobalSection
	GlobalSection(SolutionProperties) = preSolution
		HideSolutionNode = FALSE
	EndGlobalSection
	GlobalSection(ExtensibilityGlobals) = postSolution
		SolutionGuid = {864E53FC-B613-453E-A6FE-670067B7C9FD}
	EndGlobalSection
EndGlobal
